
Microsoft Visual Studio Solution File, Format Version 12.00
# Visual Studio Version 17
VisualStudioVersion = 17.2.32526.322
MinimumVisualStudioVersion = 10.0.40219.1
Project("{FAE04EC0-301F-11D3-BF4B-00C04F79EFBC}") = "SD-125-W22SD-Lab-Unit-Testing-1", "SD-125-W22SD-Lab-Unit-Testing-1\SD-125-W22SD-Lab-Unit-Testing-1.csproj", "{2AE00138-0BF8-4DB9-97FE-814BDD587950}"
EndProject
Project("{FAE04EC0-301F-11D3-BF4B-00C04F79EFBC}") = "VehicleUnitTest", "VehicleUnitTest\VehicleUnitTest.csproj", "{CA17A316-2B4B-4498-8290-B7A333345337}"
EndProject
Project("{FAE04EC0-301F-11D3-BF4B-00C04F79EFBC}") = "VehicleTrackerUnitTest", "VehicleTrackerUnitTest\VehicleTrackerUnitTest.csproj", "{79F51C54-222F-4721-9260-706F58C25A8B}"
EndProject
Global
	GlobalSection(SolutionConfigurationPlatforms) = preSolution
		Debug|Any CPU = Debug|Any CPU
		Release|Any CPU = Release|Any CPU
	EndGlobalSection
	GlobalSection(ProjectConfigurationPlatforms) = postSolution
		{2AE00138-0BF8-4DB9-97FE-814BDD587950}.Debug|Any CPU.ActiveCfg = Debug|Any CPU
		{2AE00138-0BF8-4DB9-97FE-814BDD587950}.Debug|Any CPU.Build.0 = Debug|Any CPU
		{2AE00138-0BF8-4DB9-97FE-814BDD587950}.Release|Any CPU.ActiveCfg = Release|Any CPU
		{2AE00138-0BF8-4DB9-97FE-814BDD587950}.Release|Any CPU.Build.0 = Release|Any CPU
		{CA17A316-2B4B-4498-8290-B7A333345337}.Debug|Any CPU.ActiveCfg = Debug|Any CPU
		{CA17A316-2B4B-4498-8290-B7A333345337}.Debug|Any CPU.Build.0 = Debug|Any CPU
		{CA17A316-2B4B-4498-8290-B7A333345337}.Release|Any CPU.ActiveCfg = Release|Any CPU
		{CA17A316-2B4B-4498-8290-B7A333345337}.Release|Any CPU.Build.0 = Release|Any CPU
		{79F51C54-222F-4721-9260-706F58C25A8B}.Debug|Any CPU.ActiveCfg = Debug|Any CPU
		{79F51C54-222F-4721-9260-706F58C25A8B}.Debug|Any CPU.Build.0 = Debug|Any CPU
		{79F51C54-222F-4721-9260-706F58C25A8B}.Release|Any CPU.ActiveCfg = Release|Any CPU
		{79F51C54-222F-4721-9260-706F58C25A8B}.Release|Any CPU.Build.0 = Release|Any CPU
	EndGlobalSection
	GlobalSection(SolutionProperties) = preSolution
		HideSolutionNode = FALSE
	EndGlobalSection
	GlobalSection(ExtensibilityGlobals) = postSolution
		SolutionGuid = {778FC208-13B3-4932-AEF7-80CA268CF48A}
	EndGlobalSection
EndGlobal
