
Microsoft Visual Studio Solution File, Format Version 12.00
# Visual Studio Version 17
VisualStudioVersion = 17.2.32526.322
MinimumVisualStudioVersion = 10.0.40219.1
Project("{9A19103F-16F7-4668-BE54-9A1E7A4F7556}") = "SD-125-W22SD-Lab-Unit-Testing-1", "SD-125-W22SD-Lab-Unit-Testing-1\SD-125-W22SD-Lab-Unit-Testing-1.csproj", "{2AE00138-0BF8-4DB9-97FE-814BDD587950}"
EndProject
Project("{9A19103F-16F7-4668-BE54-9A1E7A4F7556}") = "VehicleTrackerUnitTest", "VehicleTrackerUnitTest\VehicleTrackerUnitTest.csproj", "{79F51C54-222F-4721-9260-706F58C25A8B}"
EndProject
Global
	GlobalSection(SolutionConfigurationPlatforms) = preSolution
		Debug|Any CPU = Debug|Any CPU
		Release|Any CPU = Release|Any CPU
	EndGlobalSection
	GlobalSection(ProjectConfigurationPlatforms) = postSolution
		{2AE00138-0BF8-4DB9-97FE-814BDD587950}.Debug|Any CPU.ActiveCfg = Debug|Any CPU
		{2AE00138-0BF8-4DB9-97FE-814BDD587950}.Debug|Any CPU.Build.0 = Debug|Any CPU
		{2AE00138-0BF8-4DB9-97FE-814BDD587950}.Release|Any CPU.ActiveCfg = Release|Any CPU
		{2AE00138-0BF8-4DB9-97FE-814BDD587950}.Release|Any CPU.Build.0 = Release|Any CPU
		{79F51C54-222F-4721-9260-706F58C25A8B}.Debug|Any CPU.ActiveCfg = Debug|Any CPU
		{79F51C54-222F-4721-9260-706F58C25A8B}.Debug|Any CPU.Build.0 = Debug|Any CPU
		{79F51C54-222F-4721-9260-706F58C25A8B}.Release|Any CPU.ActiveCfg = Release|Any CPU
		{79F51C54-222F-4721-9260-706F58C25A8B}.Release|Any CPU.Build.0 = Release|Any CPU
	EndGlobalSection
	GlobalSection(SolutionProperties) = preSolution
		HideSolutionNode = FALSE
	EndGlobalSection
	GlobalSection(ExtensibilityGlobals) = postSolution
		SolutionGuid = {778FC208-13B3-4932-AEF7-80CA268CF48A}
	EndGlobalSection
EndGlobal
